
Microsoft Visual Studio Solution File, Format Version 12.00
# Visual Studio Version 17
VisualStudioVersion = 17.13.35919.96 d17.13
MinimumVisualStudioVersion = 10.0.40219.1
Project("{FAE04EC0-301F-11D3-BF4B-00C04F79EFBC}") = "quản lý nhân sự 1", "quản lý nhân sự 1\quản lý nhân sự 1.csproj", "{D2AC647E-5DAA-413F-92E2-AF37D594DA84}"
EndProject
Global
	GlobalSection(SolutionConfigurationPlatforms) = preSolution
		Debug|Any CPU = Debug|Any CPU
		Release|Any CPU = Release|Any CPU
	EndGlobalSection
	GlobalSection(ProjectConfigurationPlatforms) = postSolution
		{D2AC647E-5DAA-413F-92E2-AF37D594DA84}.Debug|Any CPU.ActiveCfg = Debug|Any CPU
		{D2AC647E-5DAA-413F-92E2-AF37D594DA84}.Debug|Any CPU.Build.0 = Debug|Any CPU
		{D2AC647E-5DAA-413F-92E2-AF37D594DA84}.Release|Any CPU.ActiveCfg = Release|Any CPU
		{D2AC647E-5DAA-413F-92E2-AF37D594DA84}.Release|Any CPU.Build.0 = Release|Any CPU
	EndGlobalSection
	GlobalSection(SolutionProperties) = preSolution
		HideSolutionNode = FALSE
	EndGlobalSection
	GlobalSection(ExtensibilityGlobals) = postSolution
		SolutionGuid = {72FC96EA-266D-4526-93C2-A4098F3CE0A3}
	EndGlobalSection
EndGlobal
